
Microsoft Visual Studio Solution File, Format Version 12.00
# Visual Studio Version 17
VisualStudioVersion = 17.5.33530.505
MinimumVisualStudioVersion = 10.0.40219.1
Project("{FAE04EC0-301F-11D3-BF4B-00C04F79EFBC}") = "ServidorWebSocket", "ServidorWebSocket.csproj", "{1F72CA5F-4544-40F3-9DEC-2034254F13E2}"
EndProject
Global
	GlobalSection(SolutionConfigurationPlatforms) = preSolution
		Debug|Any CPU = Debug|Any CPU
		Release|Any CPU = Release|Any CPU
	EndGlobalSection
	GlobalSection(ProjectConfigurationPlatforms) = postSolution
		{1F72CA5F-4544-40F3-9DEC-2034254F13E2}.Debug|Any CPU.ActiveCfg = Debug|Any CPU
		{1F72CA5F-4544-40F3-9DEC-2034254F13E2}.Debug|Any CPU.Build.0 = Debug|Any CPU
		{1F72CA5F-4544-40F3-9DEC-2034254F13E2}.Release|Any CPU.ActiveCfg = Release|Any CPU
		{1F72CA5F-4544-40F3-9DEC-2034254F13E2}.Release|Any CPU.Build.0 = Release|Any CPU
	EndGlobalSection
	GlobalSection(SolutionProperties) = preSolution
		HideSolutionNode = FALSE
	EndGlobalSection
	GlobalSection(ExtensibilityGlobals) = postSolution
		SolutionGuid = {37490C6B-1575-4DF1-B33E-81175171DA68}
	EndGlobalSection
EndGlobal
